// !$*UTF8*$!
{
	archiveVersion = 1;
	classes = {
	};
	objectVersion = 46;
	objects = {

/* Begin PBXBuildFile section */
		9087FC2118DBDADA00E761DD /* Foundation.framework in Frameworks */ = {isa = PBXBuildFile; fileRef = 9087FC2018DBDADA00E761DD /* Foundation.framework */; };
		9087FC2318DBDADA00E761DD /* CoreGraphics.framework in Frameworks */ = {isa = PBXBuildFile; fileRef = 9087FC2218DBDADA00E761DD /* CoreGraphics.framework */; };
		9087FC2518DBDADA00E761DD /* UIKit.framework in Frameworks */ = {isa = PBXBuildFile; fileRef = 9087FC2418DBDADA00E761DD /* UIKit.framework */; };
		9087FC2B18DBDADA00E761DD /* InfoPlist.strings in Resources */ = {isa = PBXBuildFile; fileRef = 9087FC2918DBDADA00E761DD /* InfoPlist.strings */; };
		9087FC2D18DBDADA00E761DD /* main.m in Sources */ = {isa = PBXBuildFile; fileRef = 9087FC2C18DBDADA00E761DD /* main.m */; };
		9087FC3118DBDADA00E761DD /* AppDelegate.m in Sources */ = {isa = PBXBuildFile; fileRef = 9087FC3018DBDADA00E761DD /* AppDelegate.m */; };
		9087FC3318DBDADA00E761DD /* Images.xcassets in Resources */ = {isa = PBXBuildFile; fileRef = 9087FC3218DBDADA00E761DD /* Images.xcassets */; };
		9087FC3A18DBDADA00E761DD /* XCTest.framework in Frameworks */ = {isa = PBXBuildFile; fileRef = 9087FC3918DBDADA00E761DD /* XCTest.framework */; };
		9087FC3B18DBDADA00E761DD /* Foundation.framework in Frameworks */ = {isa = PBXBuildFile; fileRef = 9087FC2018DBDADA00E761DD /* Foundation.framework */; };
		9087FC3C18DBDADA00E761DD /* UIKit.framework in Frameworks */ = {isa = PBXBuildFile; fileRef = 9087FC2418DBDADA00E761DD /* UIKit.framework */; };
		9087FC4418DBDADA00E761DD /* InfoPlist.strings in Resources */ = {isa = PBXBuildFile; fileRef = 9087FC4218DBDADA00E761DD /* InfoPlist.strings */; };
		9087FC4618DBDADA00E761DD /* YelpTests.m in Sources */ = {isa = PBXBuildFile; fileRef = 9087FC4518DBDADA00E761DD /* YelpTests.m */; };
/* End PBXBuildFile section */

/* Begin PBXContainerItemProxy section */
		9087FC3D18DBDADA00E761DD /* PBXContainerItemProxy */ = {
			isa = PBXContainerItemProxy;
			containerPortal = 9087FC1518DBDADA00E761DD /* Project object */;
			proxyType = 1;
			remoteGlobalIDString = 9087FC1C18DBDADA00E761DD;
			remoteInfo = Yelp;
		};
/* End PBXContainerItemProxy section */

/* Begin PBXFileReference section */
		9087FC1D18DBDADA00E761DD /* Yelp.app */ = {isa = PBXFileReference; explicitFileType = wrapper.application; includeInIndex = 0; path = Yelp.app; sourceTree = BUILT_PRODUCTS_DIR; };
		9087FC2018DBDADA00E761DD /* Foundation.framework */ = {isa = PBXFileReference; lastKnownFileType = wrapper.framework; name = Foundation.framework; path = System/Library/Frameworks/Foundation.framework; sourceTree = SDKROOT; };
		9087FC2218DBDADA00E761DD /* CoreGraphics.framework */ = {isa = PBXFileReference; lastKnownFileType = wrapper.framework; name = CoreGraphics.framework; path = System/Library/Frameworks/CoreGraphics.framework; sourceTree = SDKROOT; };
		9087FC2418DBDADA00E761DD /* UIKit.framework */ = {isa = PBXFileReference; lastKnownFileType = wrapper.framework; name = UIKit.framework; path = System/Library/Frameworks/UIKit.framework; sourceTree = SDKROOT; };
		9087FC2818DBDADA00E761DD /* Yelp-Info.plist */ = {isa = PBXFileReference; lastKnownFileType = text.plist.xml; path = "Yelp-Info.plist"; sourceTree = "<group>"; };
		9087FC2A18DBDADA00E761DD /* en */ = {isa = PBXFileReference; lastKnownFileType = text.plist.strings; name = en; path = en.lproj/InfoPlist.strings; sourceTree = "<group>"; };
		9087FC2C18DBDADA00E761DD /* main.m */ = {isa = PBXFileReference; lastKnownFileType = sourcecode.c.objc; path = main.m; sourceTree = "<group>"; };
		9087FC2E18DBDADA00E761DD /* Yelp-Prefix.pch */ = {isa = PBXFileReference; lastKnownFileType = sourcecode.c.h; path = "Yelp-Prefix.pch"; sourceTree = "<group>"; };
		9087FC2F18DBDADA00E761DD /* AppDelegate.h */ = {isa = PBXFileReference; lastKnownFileType = sourcecode.c.h; path = AppDelegate.h; sourceTree = "<group>"; };
		9087FC3018DBDADA00E761DD /* AppDelegate.m */ = {isa = PBXFileReference; lastKnownFileType = sourcecode.c.objc; path = AppDelegate.m; sourceTree = "<group>"; };
		9087FC3218DBDADA00E761DD /* Images.xcassets */ = {isa = PBXFileReference; lastKnownFileType = folder.assetcatalog; path = Images.xcassets; sourceTree = "<group>"; };
		9087FC3818DBDADA00E761DD /* YelpTests.xctest */ = {isa = PBXFileReference; explicitFileType = wrapper.cfbundle; includeInIndex = 0; path = YelpTests.xctest; sourceTree = BUILT_PRODUCTS_DIR; };
		9087FC3918DBDADA00E761DD /* XCTest.framework */ = {isa = PBXFileReference; lastKnownFileType = wrapper.framework; name = XCTest.framework; path = Library/Frameworks/XCTest.framework; sourceTree = DEVELOPER_DIR; };
		9087FC4118DBDADA00E761DD /* YelpTests-Info.plist */ = {isa = PBXFileReference; lastKnownFileType = text.plist.xml; path = "YelpTests-Info.plist"; sourceTree = "<group>"; };
		9087FC4318DBDADA00E761DD /* en */ = {isa = PBXFileReference; lastKnownFileType = text.plist.strings; name = en; path = en.lproj/InfoPlist.strings; sourceTree = "<group>"; };
		9087FC4518DBDADA00E761DD /* YelpTests.m */ = {isa = PBXFileReference; lastKnownFileType = sourcecode.c.objc; path = YelpTests.m; sourceTree = "<group>"; };
/* End PBXFileReference section */

/* Begin PBXFrameworksBuildPhase section */
		9087FC1A18DBDADA00E761DD /* Frameworks */ = {
			isa = PBXFrameworksBuildPhase;
			buildActionMask = 2147483647;
			files = (
				9087FC2318DBDADA00E761DD /* CoreGraphics.framework in Frameworks */,
				9087FC2518DBDADA00E761DD /* UIKit.framework in Frameworks */,
				9087FC2118DBDADA00E761DD /* Foundation.framework in Frameworks */,
			);
			runOnlyForDeploymentPostprocessing = 0;
		};
		9087FC3518DBDADA00E761DD /* Frameworks */ = {
			isa = PBXFrameworksBuildPhase;
			buildActionMask = 2147483647;
			files = (
				9087FC3A18DBDADA00E761DD /* XCTest.framework in Frameworks */,
				9087FC3C18DBDADA00E761DD /* UIKit.framework in Frameworks */,
				9087FC3B18DBDADA00E761DD /* Foundation.framework in Frameworks */,
			);
			runOnlyForDeploymentPostprocessing = 0;
		};
/* End PBXFrameworksBuildPhase section */

/* Begin PBXGroup section */
		9087FC1418DBDADA00E761DD = {
			isa = PBXGroup;
			children = (
				9087FC2618DBDADA00E761DD /* Yelp */,
				9087FC3F18DBDADA00E761DD /* YelpTests */,
				9087FC1F18DBDADA00E761DD /* Frameworks */,
				9087FC1E18DBDADA00E761DD /* Products */,
			);
			sourceTree = "<group>";
		};
		9087FC1E18DBDADA00E761DD /* Products */ = {
			isa = PBXGroup;
			children = (
				9087FC1D18DBDADA00E761DD /* Yelp.app */,
				9087FC3818DBDADA00E761DD /* YelpTests.xctest */,
			);
			name = Products;
			sourceTree = "<group>";
		};
		9087FC1F18DBDADA00E761DD /* Frameworks */ = {
			isa = PBXGroup;
			children = (
				9087FC2018DBDADA00E761DD /* Foundation.framework */,
				9087FC2218DBDADA00E761DD /* CoreGraphics.framework */,
				9087FC2418DBDADA00E761DD /* UIKit.framework */,
				9087FC3918DBDADA00E761DD /* XCTest.framework */,
			);
			name = Frameworks;
			sourceTree = "<group>";
		};
		9087FC2618DBDADA00E761DD /* Yelp */ = {
			isa = PBXGroup;
			children = (
				9087FC2F18DBDADA00E761DD /* AppDelegate.h */,
				9087FC3018DBDADA00E761DD /* AppDelegate.m */,
				9087FC3218DBDADA00E761DD /* Images.xcassets */,
				9087FC2718DBDADA00E761DD /* Supporting Files */,
			);
			path = Yelp;
			sourceTree = "<group>";
		};
		9087FC2718DBDADA00E761DD /* Supporting Files */ = {
			isa = PBXGroup;
			children = (
				9087FC2818DBDADA00E761DD /* Yelp-Info.plist */,
				9087FC2918DBDADA00E761DD /* InfoPlist.strings */,
				9087FC2C18DBDADA00E761DD /* main.m */,
				9087FC2E18DBDADA00E761DD /* Yelp-Prefix.pch */,
			);
			name = "Supporting Files";
			sourceTree = "<group>";
		};
		9087FC3F18DBDADA00E761DD /* YelpTests */ = {
			isa = PBXGroup;
			children = (
				9087FC4518DBDADA00E761DD /* YelpTests.m */,
				9087FC4018DBDADA00E761DD /* Supporting Files */,
			);
			path = YelpTests;
			sourceTree = "<group>";
		};
		9087FC4018DBDADA00E761DD /* Supporting Files */ = {
			isa = PBXGroup;
			children = (
				9087FC4118DBDADA00E761DD /* YelpTests-Info.plist */,
				9087FC4218DBDADA00E761DD /* InfoPlist.strings */,
			);
			name = "Supporting Files";
			sourceTree = "<group>";
		};
/* End PBXGroup section */

/* Begin PBXNativeTarget section */
		9087FC1C18DBDADA00E761DD /* Yelp */ = {
			isa = PBXNativeTarget;
			buildConfigurationList = 9087FC4918DBDADA00E761DD /* Build configuration list for PBXNativeTarget "Yelp" */;
			buildPhases = (
				9087FC1918DBDADA00E761DD /* Sources */,
				9087FC1A18DBDADA00E761DD /* Frameworks */,
				9087FC1B18DBDADA00E761DD /* Resources */,
			);
			buildRules = (
			);
			dependencies = (
			);
			name = Yelp;
			productName = Yelp;
			productReference = 9087FC1D18DBDADA00E761DD /* Yelp.app */;
			productType = "com.apple.product-type.application";
		};
		9087FC3718DBDADA00E761DD /* YelpTests */ = {
			isa = PBXNativeTarget;
			buildConfigurationList = 9087FC4C18DBDADA00E761DD /* Build configuration list for PBXNativeTarget "YelpTests" */;
			buildPhases = (
				9087FC3418DBDADA00E761DD /* Sources */,
				9087FC3518DBDADA00E761DD /* Frameworks */,
				9087FC3618DBDADA00E761DD /* Resources */,
			);
			buildRules = (
			);
			dependencies = (
				9087FC3E18DBDADA00E761DD /* PBXTargetDependency */,
			);
			name = YelpTests;
			productName = YelpTests;
			productReference = 9087FC3818DBDADA00E761DD /* YelpTests.xctest */;
			productType = "com.apple.product-type.bundle.unit-test";
		};
/* End PBXNativeTarget section */

/* Begin PBXProject section */
		9087FC1518DBDADA00E761DD /* Project object */ = {
			isa = PBXProject;
			attributes = {
				LastUpgradeCheck = 0510;
				ORGANIZATIONNAME = projects;
				TargetAttributes = {
					9087FC3718DBDADA00E761DD = {
						TestTargetID = 9087FC1C18DBDADA00E761DD;
					};
				};
			};
			buildConfigurationList = 9087FC1818DBDADA00E761DD /* Build configuration list for PBXProject "Yelp" */;
			compatibilityVersion = "Xcode 3.2";
			developmentRegion = English;
			hasScannedForEncodings = 0;
			knownRegions = (
				en,
			);
			mainGroup = 9087FC1418DBDADA00E761DD;
			productRefGroup = 9087FC1E18DBDADA00E761DD /* Products */;
			projectDirPath = "";
			projectRoot = "";
			targets = (
				9087FC1C18DBDADA00E761DD /* Yelp */,
				9087FC3718DBDADA00E761DD /* YelpTests */,
			);
		};
/* End PBXProject section */

/* Begin PBXResourcesBuildPhase section */
		9087FC1B18DBDADA00E761DD /* Resources */ = {
			isa = PBXResourcesBuildPhase;
			buildActionMask = 2147483647;
			files = (
				9087FC2B18DBDADA00E761DD /* InfoPlist.strings in Resources */,
				9087FC3318DBDADA00E761DD /* Images.xcassets in Resources */,
			);
			runOnlyForDeploymentPostprocessing = 0;
		};
		9087FC3618DBDADA00E761DD /* Resources */ = {
			isa = PBXResourcesBuildPhase;
			buildActionMask = 2147483647;
			files = (
				9087FC4418DBDADA00E761DD /* InfoPlist.strings in Resources */,
			);
			runOnlyForDeploymentPostprocessing = 0;
		};
/* End PBXResourcesBuildPhase section */

/* Begin PBXSourcesBuildPhase section */
		9087FC1918DBDADA00E761DD /* Sources */ = {
			isa = PBXSourcesBuildPhase;
			buildActionMask = 2147483647;
			files = (
				9087FC3118DBDADA00E761DD /* AppDelegate.m in Sources */,
				9087FC2D18DBDADA00E761DD /* main.m in Sources */,
			);
			runOnlyForDeploymentPostprocessing = 0;
		};
		9087FC3418DBDADA00E761DD /* Sources */ = {
			isa = PBXSourcesBuildPhase;
			buildActionMask = 2147483647;
			files = (
				9087FC4618DBDADA00E761DD /* YelpTests.m in Sources */,
			);
			runOnlyForDeploymentPostprocessing = 0;
		};
/* End PBXSourcesBuildPhase section */

/* Begin PBXTargetDependency section */
		9087FC3E18DBDADA00E761DD /* PBXTargetDependency */ = {
			isa = PBXTargetDependency;
			target = 9087FC1C18DBDADA00E761DD /* Yelp */;
			targetProxy = 9087FC3D18DBDADA00E761DD /* PBXContainerItemProxy */;
		};
/* End PBXTargetDependency section */

/* Begin PBXVariantGroup section */
		9087FC2918DBDADA00E761DD /* InfoPlist.strings */ = {
			isa = PBXVariantGroup;
			children = (
				9087FC2A18DBDADA00E761DD /* en */,
			);
			name = InfoPlist.strings;
			sourceTree = "<group>";
		};
		9087FC4218DBDADA00E761DD /* InfoPlist.strings */ = {
			isa = PBXVariantGroup;
			children = (
				9087FC4318DBDADA00E761DD /* en */,
			);
			name = InfoPlist.strings;
			sourceTree = "<group>";
		};
/* End PBXVariantGroup section */

/* Begin XCBuildConfiguration section */
		9087FC4718DBDADA00E761DD /* Debug */ = {
			isa = XCBuildConfiguration;
			buildSettings = {
				ALWAYS_SEARCH_USER_PATHS = NO;
				CLANG_CXX_LANGUAGE_STANDARD = "gnu++0x";
				CLANG_CXX_LIBRARY = "libc++";
				CLANG_ENABLE_MODULES = YES;
				CLANG_ENABLE_OBJC_ARC = YES;
				CLANG_WARN_BOOL_CONVERSION = YES;
				CLANG_WARN_CONSTANT_CONVERSION = YES;
				CLANG_WARN_DIRECT_OBJC_ISA_USAGE = YES_ERROR;
				CLANG_WARN_EMPTY_BODY = YES;
				CLANG_WARN_ENUM_CONVERSION = YES;
				CLANG_WARN_INT_CONVERSION = YES;
				CLANG_WARN_OBJC_ROOT_CLASS = YES_ERROR;
				CLANG_WARN__DUPLICATE_METHOD_MATCH = YES;
				"CODE_SIGN_IDENTITY[sdk=iphoneos*]" = "iPhone Developer";
				COPY_PHASE_STRIP = NO;
				GCC_C_LANGUAGE_STANDARD = gnu99;
				GCC_DYNAMIC_NO_PIC = NO;
				GCC_OPTIMIZATION_LEVEL = 0;
				GCC_PREPROCESSOR_DEFINITIONS = (
					"DEBUG=1",
					"$(inherited)",
				);
				GCC_SYMBOLS_PRIVATE_EXTERN = NO;
				GCC_WARN_64_TO_32_BIT_CONVERSION = YES;
				GCC_WARN_ABOUT_RETURN_TYPE = YES_ERROR;
				GCC_WARN_UNDECLARED_SELECTOR = YES;
				GCC_WARN_UNINITIALIZED_AUTOS = YES_AGGRESSIVE;
				GCC_WARN_UNUSED_FUNCTION = YES;
				GCC_WARN_UNUSED_VARIABLE = YES;
				IPHONEOS_DEPLOYMENT_TARGET = 7.1;
				ONLY_ACTIVE_ARCH = YES;
				SDKROOT = iphoneos;
			};
			name = Debug;
		};
		9087FC4818DBDADA00E761DD /* Release */ = {
			isa = XCBuildConfiguration;
			buildSettings = {
				ALWAYS_SEARCH_USER_PATHS = NO;
				CLANG_CXX_LANGUAGE_STANDARD = "gnu++0x";
				CLANG_CXX_LIBRARY = "libc++";
				CLANG_ENABLE_MODULES = YES;
				CLANG_ENABLE_OBJC_ARC = YES;
				CLANG_WARN_BOOL_CONVERSION = YES;
				CLANG_WARN_CONSTANT_CONVERSION = YES;
				CLANG_WARN_DIRECT_OBJC_ISA_USAGE = YES_ERROR;
				CLANG_WARN_EMPTY_BODY = YES;
				CLANG_WARN_ENUM_CONVERSION = YES;
				CLANG_WARN_INT_CONVERSION = YES;
				CLANG_WARN_OBJC_ROOT_CLASS = YES_ERROR;
				CLANG_WARN__DUPLICATE_METHOD_MATCH = YES;
				"CODE_SIGN_IDENTITY[sdk=iphoneos*]" = "iPhone Developer";
				COPY_PHASE_STRIP = YES;
				ENABLE_NS_ASSERTIONS = NO;
				GCC_C_LANGUAGE_STANDARD = gnu99;
				GCC_WARN_64_TO_32_BIT_CONVERSION = YES;
				GCC_WARN_ABOUT_RETURN_TYPE = YES_ERROR;
				GCC_WARN_UNDECLARED_SELECTOR = YES;
				GCC_WARN_UNINITIALIZED_AUTOS = YES_AGGRESSIVE;
				GCC_WARN_UNUSED_FUNCTION = YES;
				GCC_WARN_UNUSED_VARIABLE = YES;
				IPHONEOS_DEPLOYMENT_TARGET = 7.1;
				SDKROOT = iphoneos;
				VALIDATE_PRODUCT = YES;
			};
			name = Release;
		};
		9087FC4A18DBDADA00E761DD /* Debug */ = {
			isa = XCBuildConfiguration;
			buildSettings = {
				ASSETCATALOG_COMPILER_APPICON_NAME = AppIcon;
				ASSETCATALOG_COMPILER_LAUNCHIMAGE_NAME = LaunchImage;
				GCC_PRECOMPILE_PREFIX_HEADER = YES;
				GCC_PREFIX_HEADER = "Yelp/Yelp-Prefix.pch";
				INFOPLIST_FILE = "Yelp/Yelp-Info.plist";
				PRODUCT_NAME = "$(TARGET_NAME)";
				WRAPPER_EXTENSION = app;
			};
			name = Debug;
		};
		9087FC4B18DBDADA00E761DD /* Release */ = {
			isa = XCBuildConfiguration;
			buildSettings = {
				ASSETCATALOG_COMPILER_APPICON_NAME = AppIcon;
				ASSETCATALOG_COMPILER_LAUNCHIMAGE_NAME = LaunchImage;
				GCC_PRECOMPILE_PREFIX_HEADER = YES;
				GCC_PREFIX_HEADER = "Yelp/Yelp-Prefix.pch";
				INFOPLIST_FILE = "Yelp/Yelp-Info.plist";
				PRODUCT_NAME = "$(TARGET_NAME)";
				WRAPPER_EXTENSION = app;
			};
			name = Release;
		};
		9087FC4D18DBDADA00E761DD /* Debug */ = {
			isa = XCBuildConfiguration;
			buildSettings = {
				BUNDLE_LOADER = "$(BUILT_PRODUCTS_DIR)/Yelp.app/Yelp";
				FRAMEWORK_SEARCH_PATHS = (
					"$(SDKROOT)/Developer/Library/Frameworks",
					"$(inherited)",
					"$(DEVELOPER_FRAMEWORKS_DIR)",
				);
				GCC_PRECOMPILE_PREFIX_HEADER = YES;
				GCC_PREFIX_HEADER = "Yelp/Yelp-Prefix.pch";
				GCC_PREPROCESSOR_DEFINITIONS = (
					"DEBUG=1",
					"$(inherited)",
				);
				INFOPLIST_FILE = "YelpTests/YelpTests-Info.plist";
				PRODUCT_NAME = "$(TARGET_NAME)";
				TEST_HOST = "$(BUNDLE_LOADER)";
				WRAPPER_EXTENSION = xctest;
			};
			name = Debug;
		};
		9087FC4E18DBDADA00E761DD /* Release */ = {
			isa = XCBuildConfiguration;
			buildSettings = {
				BUNDLE_LOADER = "$(BUILT_PRODUCTS_DIR)/Yelp.app/Yelp";
				FRAMEWORK_SEARCH_PATHS = (
					"$(SDKROOT)/Developer/Library/Frameworks",
					"$(inherited)",
					"$(DEVELOPER_FRAMEWORKS_DIR)",
				);
				GCC_PRECOMPILE_PREFIX_HEADER = YES;
				GCC_PREFIX_HEADER = "Yelp/Yelp-Prefix.pch";
				INFOPLIST_FILE = "YelpTests/YelpTests-Info.plist";
				PRODUCT_NAME = "$(TARGET_NAME)";
				TEST_HOST = "$(BUNDLE_LOADER)";
				WRAPPER_EXTENSION = xctest;
			};
			name = Release;
		};
/* End XCBuildConfiguration section */

/* Begin XCConfigurationList section */
		9087FC1818DBDADA00E761DD /* Build configuration list for PBXProject "Yelp" */ = {
			isa = XCConfigurationList;
			buildConfigurations = (
				9087FC4718DBDADA00E761DD /* Debug */,
				9087FC4818DBDADA00E761DD /* Release */,
			);
			defaultConfigurationIsVisible = 0;
			defaultConfigurationName = Release;
		};
		9087FC4918DBDADA00E761DD /* Build configuration list for PBXNativeTarget "Yelp" */ = {
			isa = XCConfigurationList;
			buildConfigurations = (
				9087FC4A18DBDADA00E761DD /* Debug */,
				9087FC4B18DBDADA00E761DD /* Release */,
			);
			defaultConfigurationIsVisible = 0;
		};
		9087FC4C18DBDADA00E761DD /* Build configuration list for PBXNativeTarget "YelpTests" */ = {
			isa = XCConfigurationList;
			buildConfigurations = (
				9087FC4D18DBDADA00E761DD /* Debug */,
				9087FC4E18DBDADA00E761DD /* Release */,
			);
			defaultConfigurationIsVisible = 0;
		};
/* End XCConfigurationList section */
	};
	rootObject = 9087FC1518DBDADA00E761DD /* Project object */;
}
